
Microsoft Visual Studio Solution File, Format Version 9.00
# Visual Studio 2005
Project("{FAE04EC0-301F-11D3-BF4B-00C04F79EFBC}") = "Bandit", "Bandit\Bandit.csproj", "{7FFEF6D5-A0C7-4EBB-8997-9872101CD98B}"
EndProject
Global
	GlobalSection(SolutionConfigurationPlatforms) = preSolution
		Debug|Any CPU = Debug|Any CPU
		Release|Any CPU = Release|Any CPU
	EndGlobalSection
	GlobalSection(ProjectConfigurationPlatforms) = postSolution
		{7FFEF6D5-A0C7-4EBB-8997-9872101CD98B}.Debug|Any CPU.ActiveCfg = Debug|Any CPU
		{7FFEF6D5-A0C7-4EBB-8997-9872101CD98B}.Debug|Any CPU.Build.0 = Debug|Any CPU
		{7FFEF6D5-A0C7-4EBB-8997-9872101CD98B}.Release|Any CPU.ActiveCfg = Release|Any CPU
		{7FFEF6D5-A0C7-4EBB-8997-9872101CD98B}.Release|Any CPU.Build.0 = Release|Any CPU
	EndGlobalSection
	GlobalSection(SolutionProperties) = preSolution
		HideSolutionNode = FALSE
	EndGlobalSection
EndGlobal
